
Microsoft Visual Studio Solution File, Format Version 12.00
# Visual Studio Version 17
VisualStudioVersion = 17.3.32811.315
MinimumVisualStudioVersion = 10.0.40219.1
Project("{FAE04EC0-301F-11D3-BF4B-00C04F79EFBC}") = "introduction-to-oop", "introduction-to-oop.csproj", "{445FBEB3-EB7D-4C2B-95B7-BC5EF2130847}"
EndProject
Global
	GlobalSection(SolutionConfigurationPlatforms) = preSolution
		Debug|Any CPU = Debug|Any CPU
		Release|Any CPU = Release|Any CPU
	EndGlobalSection
	GlobalSection(ProjectConfigurationPlatforms) = postSolution
		{445FBEB3-EB7D-4C2B-95B7-BC5EF2130847}.Debug|Any CPU.ActiveCfg = Debug|Any CPU
		{445FBEB3-EB7D-4C2B-95B7-BC5EF2130847}.Debug|Any CPU.Build.0 = Debug|Any CPU
		{445FBEB3-EB7D-4C2B-95B7-BC5EF2130847}.Release|Any CPU.ActiveCfg = Release|Any CPU
		{445FBEB3-EB7D-4C2B-95B7-BC5EF2130847}.Release|Any CPU.Build.0 = Release|Any CPU
	EndGlobalSection
	GlobalSection(SolutionProperties) = preSolution
		HideSolutionNode = FALSE
	EndGlobalSection
	GlobalSection(ExtensibilityGlobals) = postSolution
		SolutionGuid = {D41FCAAC-B2ED-4FA8-B14F-1D3435C6892E}
	EndGlobalSection
EndGlobal
